
Microsoft Visual Studio Solution File, Format Version 12.00
# Visual Studio 14
VisualStudioVersion = 14.0.25123.0
MinimumVisualStudioVersion = 10.0.40219.1
Project("{FAE04EC0-301F-11D3-BF4B-00C04F79EFBC}") = "Takeoff.MvcExtensions", "Takeoff.MvcExtensions\Takeoff.MvcExtensions.csproj", "{DDB1DDEA-58BB-45E3-9C6B-9F80EB228708}"
EndProject
Project("{FAE04EC0-301F-11D3-BF4B-00C04F79EFBC}") = "Takeoff.Models", "Takeoff.Models\Takeoff.Models.csproj", "{028DE7CA-A3D2-4F8A-976E-C92D0832C357}"
EndProject
Project("{FAE04EC0-301F-11D3-BF4B-00C04F79EFBC}") = "Takeoff.Goodies", "Takeoff.Goodies\Takeoff.Goodies.csproj", "{09109476-24C9-4AEB-A833-D641CA9CA25E}"
EndProject
Project("{FAE04EC0-301F-11D3-BF4B-00C04F79EFBC}") = "Takeoff.Tools.ResourceJsGenerator", "Takeoff.Tools.ResourceJsGenerator\Takeoff.Tools.ResourceJsGenerator.csproj", "{3CA03CCA-D3FF-4DFD-8D37-17C2825551A5}"
EndProject
Project("{FAE04EC0-301F-11D3-BF4B-00C04F79EFBC}") = "Takeoff.Transcoder.Model", "Takeoff.Transcoder.Model\Takeoff.Transcoder.Model.csproj", "{622F8498-E7DA-4BE1-BF9E-99CDA7AFAEB5}"
EndProject
Project("{FAE04EC0-301F-11D3-BF4B-00C04F79EFBC}") = "Takeoff.Mule.Service", "Takeoff.Mule.Service\Takeoff.Mule.Service.csproj", "{6F0FF2B1-C925-472D-833B-F97E34780EF4}"
EndProject
Project("{FAE04EC0-301F-11D3-BF4B-00C04F79EFBC}") = "Takeoff.ServiceManager", "Takeoff.Tools.ServiceManager\Takeoff.ServiceManager.csproj", "{BDE5D618-D972-4A35-A882-33F0AE9D07B4}"
EndProject
Project("{FAE04EC0-301F-11D3-BF4B-00C04F79EFBC}") = "Takeoff.Transcoder.Service", "Takeoff.Transcoder.Service\Takeoff.Transcoder.Service.csproj", "{7961A6E7-502C-439F-9C72-F2C27456B4F5}"
EndProject
Project("{FAE04EC0-301F-11D3-BF4B-00C04F79EFBC}") = "Takeoff.Jobs", "Takeoff.Jobs\Takeoff.Jobs.csproj", "{F16096B1-D5C9-4ED4-9886-B9F3A105AD4D}"
EndProject
Project("{FAE04EC0-301F-11D3-BF4B-00C04F79EFBC}") = "Takeoff.WebApp", "Takeoff.WebApp\Takeoff.WebApp.csproj", "{55305CE3-0319-4193-8D65-91BFBCE4CAD5}"
EndProject
Project("{FAE04EC0-301F-11D3-BF4B-00C04F79EFBC}") = "Takeoff.Data", "Takeoff.Data\Takeoff.Data.csproj", "{EB6FDCBB-5152-42FE-AE3E-FF828B6C56CE}"
EndProject
Project("{FAE04EC0-301F-11D3-BF4B-00C04F79EFBC}") = "Takeoff.DataTools", "Takeoff.DataTools\Takeoff.DataTools.csproj", "{F6C898B0-C95D-4B21-B7DC-E89BC08D1475}"
EndProject
Project("{FAE04EC0-301F-11D3-BF4B-00C04F79EFBC}") = "Takeoff.AwsExtensions", "Takeoff.AwsExtensions\Takeoff.AwsExtensions.csproj", "{B6FE3BA9-B950-45DC-9AB1-7140B6DB42B6}"
EndProject
Project("{FAE04EC0-301F-11D3-BF4B-00C04F79EFBC}") = "Takeoff.ViewsRenderer", "Takeoff.WebApp.Ripper\Takeoff.ViewsRenderer.csproj", "{A4527597-40D4-4457-A46E-E879D2B82120}"
EndProject
Global
	GlobalSection(SolutionConfigurationPlatforms) = preSolution
		Amazon|Any CPU = Amazon|Any CPU
		Amazon|Mixed Platforms = Amazon|Mixed Platforms
		Amazon|x86 = Amazon|x86
		Debug|Any CPU = Debug|Any CPU
		Debug|Mixed Platforms = Debug|Mixed Platforms
		Debug|x86 = Debug|x86
		FutureLive|Any CPU = FutureLive|Any CPU
		FutureLive|Mixed Platforms = FutureLive|Mixed Platforms
		FutureLive|x86 = FutureLive|x86
		Release|Any CPU = Release|Any CPU
		Release|Mixed Platforms = Release|Mixed Platforms
		Release|x86 = Release|x86
	EndGlobalSection
	GlobalSection(ProjectConfigurationPlatforms) = postSolution
		{DDB1DDEA-58BB-45E3-9C6B-9F80EB228708}.Amazon|Any CPU.ActiveCfg = FutureLive|Any CPU
		{DDB1DDEA-58BB-45E3-9C6B-9F80EB228708}.Amazon|Any CPU.Build.0 = FutureLive|Any CPU
		{DDB1DDEA-58BB-45E3-9C6B-9F80EB228708}.Amazon|Mixed Platforms.ActiveCfg = Release|Any CPU
		{DDB1DDEA-58BB-45E3-9C6B-9F80EB228708}.Amazon|Mixed Platforms.Build.0 = Release|Any CPU
		{DDB1DDEA-58BB-45E3-9C6B-9F80EB228708}.Amazon|x86.ActiveCfg = FutureLive|Any CPU
		{DDB1DDEA-58BB-45E3-9C6B-9F80EB228708}.Debug|Any CPU.ActiveCfg = Debug|Any CPU
		{DDB1DDEA-58BB-45E3-9C6B-9F80EB228708}.Debug|Any CPU.Build.0 = Debug|Any CPU
		{DDB1DDEA-58BB-45E3-9C6B-9F80EB228708}.Debug|Mixed Platforms.ActiveCfg = Debug|Any CPU
		{DDB1DDEA-58BB-45E3-9C6B-9F80EB228708}.Debug|Mixed Platforms.Build.0 = Debug|Any CPU
		{DDB1DDEA-58BB-45E3-9C6B-9F80EB228708}.Debug|x86.ActiveCfg = Debug|Any CPU
		{DDB1DDEA-58BB-45E3-9C6B-9F80EB228708}.FutureLive|Any CPU.ActiveCfg = FutureLive|Any CPU
		{DDB1DDEA-58BB-45E3-9C6B-9F80EB228708}.FutureLive|Any CPU.Build.0 = FutureLive|Any CPU
		{DDB1DDEA-58BB-45E3-9C6B-9F80EB228708}.FutureLive|Mixed Platforms.ActiveCfg = FutureLive|Any CPU
		{DDB1DDEA-58BB-45E3-9C6B-9F80EB228708}.FutureLive|Mixed Platforms.Build.0 = FutureLive|Any CPU
		{DDB1DDEA-58BB-45E3-9C6B-9F80EB228708}.FutureLive|x86.ActiveCfg = FutureLive|Any CPU
		{DDB1DDEA-58BB-45E3-9C6B-9F80EB228708}.Release|Any CPU.ActiveCfg = Release|Any CPU
		{DDB1DDEA-58BB-45E3-9C6B-9F80EB228708}.Release|Any CPU.Build.0 = Release|Any CPU
		{DDB1DDEA-58BB-45E3-9C6B-9F80EB228708}.Release|Mixed Platforms.ActiveCfg = Release|Any CPU
		{DDB1DDEA-58BB-45E3-9C6B-9F80EB228708}.Release|Mixed Platforms.Build.0 = Release|Any CPU
		{DDB1DDEA-58BB-45E3-9C6B-9F80EB228708}.Release|x86.ActiveCfg = Release|Any CPU
		{028DE7CA-A3D2-4F8A-976E-C92D0832C357}.Amazon|Any CPU.ActiveCfg = Release|Any CPU
		{028DE7CA-A3D2-4F8A-976E-C92D0832C357}.Amazon|Any CPU.Build.0 = Release|Any CPU
		{028DE7CA-A3D2-4F8A-976E-C92D0832C357}.Amazon|Mixed Platforms.ActiveCfg = Release|Any CPU
		{028DE7CA-A3D2-4F8A-976E-C92D0832C357}.Amazon|Mixed Platforms.Build.0 = Release|Any CPU
		{028DE7CA-A3D2-4F8A-976E-C92D0832C357}.Amazon|x86.ActiveCfg = Release|Any CPU
		{028DE7CA-A3D2-4F8A-976E-C92D0832C357}.Debug|Any CPU.ActiveCfg = Debug|Any CPU
		{028DE7CA-A3D2-4F8A-976E-C92D0832C357}.Debug|Any CPU.Build.0 = Debug|Any CPU
		{028DE7CA-A3D2-4F8A-976E-C92D0832C357}.Debug|Mixed Platforms.ActiveCfg = Debug|Any CPU
		{028DE7CA-A3D2-4F8A-976E-C92D0832C357}.Debug|Mixed Platforms.Build.0 = Debug|Any CPU
		{028DE7CA-A3D2-4F8A-976E-C92D0832C357}.Debug|x86.ActiveCfg = Debug|Any CPU
		{028DE7CA-A3D2-4F8A-976E-C92D0832C357}.FutureLive|Any CPU.ActiveCfg = Release|Any CPU
		{028DE7CA-A3D2-4F8A-976E-C92D0832C357}.FutureLive|Any CPU.Build.0 = Release|Any CPU
		{028DE7CA-A3D2-4F8A-976E-C92D0832C357}.FutureLive|Mixed Platforms.ActiveCfg = Release|Any CPU
		{028DE7CA-A3D2-4F8A-976E-C92D0832C357}.FutureLive|Mixed Platforms.Build.0 = Release|Any CPU
		{028DE7CA-A3D2-4F8A-976E-C92D0832C357}.FutureLive|x86.ActiveCfg = Release|Any CPU
		{028DE7CA-A3D2-4F8A-976E-C92D0832C357}.Release|Any CPU.ActiveCfg = Release|Any CPU
		{028DE7CA-A3D2-4F8A-976E-C92D0832C357}.Release|Any CPU.Build.0 = Release|Any CPU
		{028DE7CA-A3D2-4F8A-976E-C92D0832C357}.Release|Mixed Platforms.ActiveCfg = Release|Any CPU
		{028DE7CA-A3D2-4F8A-976E-C92D0832C357}.Release|Mixed Platforms.Build.0 = Release|Any CPU
		{028DE7CA-A3D2-4F8A-976E-C92D0832C357}.Release|x86.ActiveCfg = Release|Any CPU
		{09109476-24C9-4AEB-A833-D641CA9CA25E}.Amazon|Any CPU.ActiveCfg = Release|Any CPU
		{09109476-24C9-4AEB-A833-D641CA9CA25E}.Amazon|Any CPU.Build.0 = Release|Any CPU
		{09109476-24C9-4AEB-A833-D641CA9CA25E}.Amazon|Mixed Platforms.ActiveCfg = Release|Any CPU
		{09109476-24C9-4AEB-A833-D641CA9CA25E}.Amazon|Mixed Platforms.Build.0 = Release|Any CPU
		{09109476-24C9-4AEB-A833-D641CA9CA25E}.Amazon|x86.ActiveCfg = Release|Any CPU
		{09109476-24C9-4AEB-A833-D641CA9CA25E}.Debug|Any CPU.ActiveCfg = Debug|Any CPU
		{09109476-24C9-4AEB-A833-D641CA9CA25E}.Debug|Any CPU.Build.0 = Debug|Any CPU
		{09109476-24C9-4AEB-A833-D641CA9CA25E}.Debug|Mixed Platforms.ActiveCfg = Debug|Any CPU
		{09109476-24C9-4AEB-A833-D641CA9CA25E}.Debug|Mixed Platforms.Build.0 = Debug|Any CPU
		{09109476-24C9-4AEB-A833-D641CA9CA25E}.Debug|x86.ActiveCfg = Debug|Any CPU
		{09109476-24C9-4AEB-A833-D641CA9CA25E}.FutureLive|Any CPU.ActiveCfg = Release|Any CPU
		{09109476-24C9-4AEB-A833-D641CA9CA25E}.FutureLive|Any CPU.Build.0 = Release|Any CPU
		{09109476-24C9-4AEB-A833-D641CA9CA25E}.FutureLive|Mixed Platforms.ActiveCfg = Release|Any CPU
		{09109476-24C9-4AEB-A833-D641CA9CA25E}.FutureLive|Mixed Platforms.Build.0 = Release|Any CPU
		{09109476-24C9-4AEB-A833-D641CA9CA25E}.FutureLive|x86.ActiveCfg = Release|Any CPU
		{09109476-24C9-4AEB-A833-D641CA9CA25E}.Release|Any CPU.ActiveCfg = Release|Any CPU
		{09109476-24C9-4AEB-A833-D641CA9CA25E}.Release|Any CPU.Build.0 = Release|Any CPU
		{09109476-24C9-4AEB-A833-D641CA9CA25E}.Release|Mixed Platforms.ActiveCfg = Release|Any CPU
		{09109476-24C9-4AEB-A833-D641CA9CA25E}.Release|Mixed Platforms.Build.0 = Release|Any CPU
		{09109476-24C9-4AEB-A833-D641CA9CA25E}.Release|x86.ActiveCfg = Release|Any CPU
		{3CA03CCA-D3FF-4DFD-8D37-17C2825551A5}.Amazon|Any CPU.ActiveCfg = Release|x86
		{3CA03CCA-D3FF-4DFD-8D37-17C2825551A5}.Amazon|Mixed Platforms.ActiveCfg = Release|x86
		{3CA03CCA-D3FF-4DFD-8D37-17C2825551A5}.Amazon|Mixed Platforms.Build.0 = Release|x86
		{3CA03CCA-D3FF-4DFD-8D37-17C2825551A5}.Amazon|x86.ActiveCfg = Release|x86
		{3CA03CCA-D3FF-4DFD-8D37-17C2825551A5}.Amazon|x86.Build.0 = Release|x86
		{3CA03CCA-D3FF-4DFD-8D37-17C2825551A5}.Debug|Any CPU.ActiveCfg = Debug|x86
		{3CA03CCA-D3FF-4DFD-8D37-17C2825551A5}.Debug|Mixed Platforms.ActiveCfg = Debug|x86
		{3CA03CCA-D3FF-4DFD-8D37-17C2825551A5}.Debug|Mixed Platforms.Build.0 = Debug|x86
		{3CA03CCA-D3FF-4DFD-8D37-17C2825551A5}.Debug|x86.ActiveCfg = Debug|x86
		{3CA03CCA-D3FF-4DFD-8D37-17C2825551A5}.Debug|x86.Build.0 = Debug|x86
		{3CA03CCA-D3FF-4DFD-8D37-17C2825551A5}.FutureLive|Any CPU.ActiveCfg = Release|x86
		{3CA03CCA-D3FF-4DFD-8D37-17C2825551A5}.FutureLive|Mixed Platforms.ActiveCfg = Release|x86
		{3CA03CCA-D3FF-4DFD-8D37-17C2825551A5}.FutureLive|Mixed Platforms.Build.0 = Release|x86
		{3CA03CCA-D3FF-4DFD-8D37-17C2825551A5}.FutureLive|x86.ActiveCfg = Release|x86
		{3CA03CCA-D3FF-4DFD-8D37-17C2825551A5}.FutureLive|x86.Build.0 = Release|x86
		{3CA03CCA-D3FF-4DFD-8D37-17C2825551A5}.Release|Any CPU.ActiveCfg = Release|x86
		{3CA03CCA-D3FF-4DFD-8D37-17C2825551A5}.Release|Mixed Platforms.ActiveCfg = Release|x86
		{3CA03CCA-D3FF-4DFD-8D37-17C2825551A5}.Release|Mixed Platforms.Build.0 = Release|x86
		{3CA03CCA-D3FF-4DFD-8D37-17C2825551A5}.Release|x86.ActiveCfg = Release|x86
		{3CA03CCA-D3FF-4DFD-8D37-17C2825551A5}.Release|x86.Build.0 = Release|x86
		{622F8498-E7DA-4BE1-BF9E-99CDA7AFAEB5}.Amazon|Any CPU.ActiveCfg = Release|Any CPU
		{622F8498-E7DA-4BE1-BF9E-99CDA7AFAEB5}.Amazon|Any CPU.Build.0 = Release|Any CPU
		{622F8498-E7DA-4BE1-BF9E-99CDA7AFAEB5}.Amazon|Mixed Platforms.ActiveCfg = Release|Any CPU
		{622F8498-E7DA-4BE1-BF9E-99CDA7AFAEB5}.Amazon|Mixed Platforms.Build.0 = Release|Any CPU
		{622F8498-E7DA-4BE1-BF9E-99CDA7AFAEB5}.Amazon|x86.ActiveCfg = Release|Any CPU
		{622F8498-E7DA-4BE1-BF9E-99CDA7AFAEB5}.Debug|Any CPU.ActiveCfg = Debug|Any CPU
		{622F8498-E7DA-4BE1-BF9E-99CDA7AFAEB5}.Debug|Any CPU.Build.0 = Debug|Any CPU
		{622F8498-E7DA-4BE1-BF9E-99CDA7AFAEB5}.Debug|Mixed Platforms.ActiveCfg = Debug|Any CPU
		{622F8498-E7DA-4BE1-BF9E-99CDA7AFAEB5}.Debug|Mixed Platforms.Build.0 = Debug|Any CPU
		{622F8498-E7DA-4BE1-BF9E-99CDA7AFAEB5}.Debug|x86.ActiveCfg = Debug|Any CPU
		{622F8498-E7DA-4BE1-BF9E-99CDA7AFAEB5}.FutureLive|Any CPU.ActiveCfg = Release|Any CPU
		{622F8498-E7DA-4BE1-BF9E-99CDA7AFAEB5}.FutureLive|Any CPU.Build.0 = Release|Any CPU
		{622F8498-E7DA-4BE1-BF9E-99CDA7AFAEB5}.FutureLive|Mixed Platforms.ActiveCfg = Release|Any CPU
		{622F8498-E7DA-4BE1-BF9E-99CDA7AFAEB5}.FutureLive|Mixed Platforms.Build.0 = Release|Any CPU
		{622F8498-E7DA-4BE1-BF9E-99CDA7AFAEB5}.FutureLive|x86.ActiveCfg = Release|Any CPU
		{622F8498-E7DA-4BE1-BF9E-99CDA7AFAEB5}.Release|Any CPU.ActiveCfg = Release|Any CPU
		{622F8498-E7DA-4BE1-BF9E-99CDA7AFAEB5}.Release|Any CPU.Build.0 = Release|Any CPU
		{622F8498-E7DA-4BE1-BF9E-99CDA7AFAEB5}.Release|Mixed Platforms.ActiveCfg = Release|Any CPU
		{622F8498-E7DA-4BE1-BF9E-99CDA7AFAEB5}.Release|Mixed Platforms.Build.0 = Release|Any CPU
		{622F8498-E7DA-4BE1-BF9E-99CDA7AFAEB5}.Release|x86.ActiveCfg = Release|Any CPU
		{6F0FF2B1-C925-472D-833B-F97E34780EF4}.Amazon|Any CPU.ActiveCfg = Release|Any CPU
		{6F0FF2B1-C925-472D-833B-F97E34780EF4}.Amazon|Any CPU.Build.0 = Release|Any CPU
		{6F0FF2B1-C925-472D-833B-F97E34780EF4}.Amazon|Mixed Platforms.ActiveCfg = Release|Any CPU
		{6F0FF2B1-C925-472D-833B-F97E34780EF4}.Amazon|Mixed Platforms.Build.0 = Release|Any CPU
		{6F0FF2B1-C925-472D-833B-F97E34780EF4}.Amazon|x86.ActiveCfg = Release|Any CPU
		{6F0FF2B1-C925-472D-833B-F97E34780EF4}.Debug|Any CPU.ActiveCfg = Debug|Any CPU
		{6F0FF2B1-C925-472D-833B-F97E34780EF4}.Debug|Any CPU.Build.0 = Debug|Any CPU
		{6F0FF2B1-C925-472D-833B-F97E34780EF4}.Debug|Mixed Platforms.ActiveCfg = Debug|Any CPU
		{6F0FF2B1-C925-472D-833B-F97E34780EF4}.Debug|Mixed Platforms.Build.0 = Debug|Any CPU
		{6F0FF2B1-C925-472D-833B-F97E34780EF4}.Debug|x86.ActiveCfg = Debug|Any CPU
		{6F0FF2B1-C925-472D-833B-F97E34780EF4}.FutureLive|Any CPU.ActiveCfg = Release|Any CPU
		{6F0FF2B1-C925-472D-833B-F97E34780EF4}.FutureLive|Any CPU.Build.0 = Release|Any CPU
		{6F0FF2B1-C925-472D-833B-F97E34780EF4}.FutureLive|Mixed Platforms.ActiveCfg = Release|Any CPU
		{6F0FF2B1-C925-472D-833B-F97E34780EF4}.FutureLive|Mixed Platforms.Build.0 = Release|Any CPU
		{6F0FF2B1-C925-472D-833B-F97E34780EF4}.FutureLive|x86.ActiveCfg = Release|Any CPU
		{6F0FF2B1-C925-472D-833B-F97E34780EF4}.Release|Any CPU.ActiveCfg = Release|Any CPU
		{6F0FF2B1-C925-472D-833B-F97E34780EF4}.Release|Any CPU.Build.0 = Release|Any CPU
		{6F0FF2B1-C925-472D-833B-F97E34780EF4}.Release|Mixed Platforms.ActiveCfg = Release|Any CPU
		{6F0FF2B1-C925-472D-833B-F97E34780EF4}.Release|Mixed Platforms.Build.0 = Release|Any CPU
		{6F0FF2B1-C925-472D-833B-F97E34780EF4}.Release|x86.ActiveCfg = Release|Any CPU
		{BDE5D618-D972-4A35-A882-33F0AE9D07B4}.Amazon|Any CPU.ActiveCfg = Release|Any CPU
		{BDE5D618-D972-4A35-A882-33F0AE9D07B4}.Amazon|Any CPU.Build.0 = Release|Any CPU
		{BDE5D618-D972-4A35-A882-33F0AE9D07B4}.Amazon|Mixed Platforms.ActiveCfg = Release|Any CPU
		{BDE5D618-D972-4A35-A882-33F0AE9D07B4}.Amazon|Mixed Platforms.Build.0 = Release|Any CPU
		{BDE5D618-D972-4A35-A882-33F0AE9D07B4}.Amazon|x86.ActiveCfg = Release|Any CPU
		{BDE5D618-D972-4A35-A882-33F0AE9D07B4}.Debug|Any CPU.ActiveCfg = Debug|Any CPU
		{BDE5D618-D972-4A35-A882-33F0AE9D07B4}.Debug|Any CPU.Build.0 = Debug|Any CPU
		{BDE5D618-D972-4A35-A882-33F0AE9D07B4}.Debug|Mixed Platforms.ActiveCfg = Debug|Any CPU
		{BDE5D618-D972-4A35-A882-33F0AE9D07B4}.Debug|Mixed Platforms.Build.0 = Debug|Any CPU
		{BDE5D618-D972-4A35-A882-33F0AE9D07B4}.Debug|x86.ActiveCfg = Debug|Any CPU
		{BDE5D618-D972-4A35-A882-33F0AE9D07B4}.FutureLive|Any CPU.ActiveCfg = Release|Any CPU
		{BDE5D618-D972-4A35-A882-33F0AE9D07B4}.FutureLive|Any CPU.Build.0 = Release|Any CPU
		{BDE5D618-D972-4A35-A882-33F0AE9D07B4}.FutureLive|Mixed Platforms.ActiveCfg = Release|Any CPU
		{BDE5D618-D972-4A35-A882-33F0AE9D07B4}.FutureLive|Mixed Platforms.Build.0 = Release|Any CPU
		{BDE5D618-D972-4A35-A882-33F0AE9D07B4}.FutureLive|x86.ActiveCfg = Release|Any CPU
		{BDE5D618-D972-4A35-A882-33F0AE9D07B4}.Release|Any CPU.ActiveCfg = Release|Any CPU
		{BDE5D618-D972-4A35-A882-33F0AE9D07B4}.Release|Any CPU.Build.0 = Release|Any CPU
		{BDE5D618-D972-4A35-A882-33F0AE9D07B4}.Release|Mixed Platforms.ActiveCfg = Release|Any CPU
		{BDE5D618-D972-4A35-A882-33F0AE9D07B4}.Release|Mixed Platforms.Build.0 = Release|Any CPU
		{BDE5D618-D972-4A35-A882-33F0AE9D07B4}.Release|x86.ActiveCfg = Release|Any CPU
		{7961A6E7-502C-439F-9C72-F2C27456B4F5}.Amazon|Any CPU.ActiveCfg = Release|Any CPU
		{7961A6E7-502C-439F-9C72-F2C27456B4F5}.Amazon|Any CPU.Build.0 = Release|Any CPU
		{7961A6E7-502C-439F-9C72-F2C27456B4F5}.Amazon|Mixed Platforms.ActiveCfg = Release|Any CPU
		{7961A6E7-502C-439F-9C72-F2C27456B4F5}.Amazon|Mixed Platforms.Build.0 = Release|Any CPU
		{7961A6E7-502C-439F-9C72-F2C27456B4F5}.Amazon|x86.ActiveCfg = Release|Any CPU
		{7961A6E7-502C-439F-9C72-F2C27456B4F5}.Debug|Any CPU.ActiveCfg = Debug|Any CPU
		{7961A6E7-502C-439F-9C72-F2C27456B4F5}.Debug|Any CPU.Build.0 = Debug|Any CPU
		{7961A6E7-502C-439F-9C72-F2C27456B4F5}.Debug|Mixed Platforms.ActiveCfg = Debug|Any CPU
		{7961A6E7-502C-439F-9C72-F2C27456B4F5}.Debug|Mixed Platforms.Build.0 = Debug|Any CPU
		{7961A6E7-502C-439F-9C72-F2C27456B4F5}.Debug|x86.ActiveCfg = Debug|Any CPU
		{7961A6E7-502C-439F-9C72-F2C27456B4F5}.FutureLive|Any CPU.ActiveCfg = Release|Any CPU
		{7961A6E7-502C-439F-9C72-F2C27456B4F5}.FutureLive|Any CPU.Build.0 = Release|Any CPU
		{7961A6E7-502C-439F-9C72-F2C27456B4F5}.FutureLive|Mixed Platforms.ActiveCfg = Release|Any CPU
		{7961A6E7-502C-439F-9C72-F2C27456B4F5}.FutureLive|Mixed Platforms.Build.0 = Release|Any CPU
		{7961A6E7-502C-439F-9C72-F2C27456B4F5}.FutureLive|x86.ActiveCfg = Release|Any CPU
		{7961A6E7-502C-439F-9C72-F2C27456B4F5}.Release|Any CPU.ActiveCfg = Release|Any CPU
		{7961A6E7-502C-439F-9C72-F2C27456B4F5}.Release|Any CPU.Build.0 = Release|Any CPU
		{7961A6E7-502C-439F-9C72-F2C27456B4F5}.Release|Mixed Platforms.ActiveCfg = Release|Any CPU
		{7961A6E7-502C-439F-9C72-F2C27456B4F5}.Release|Mixed Platforms.Build.0 = Release|Any CPU
		{7961A6E7-502C-439F-9C72-F2C27456B4F5}.Release|x86.ActiveCfg = Release|Any CPU
		{F16096B1-D5C9-4ED4-9886-B9F3A105AD4D}.Amazon|Any CPU.ActiveCfg = Release|Any CPU
		{F16096B1-D5C9-4ED4-9886-B9F3A105AD4D}.Amazon|Any CPU.Build.0 = Release|Any CPU
		{F16096B1-D5C9-4ED4-9886-B9F3A105AD4D}.Amazon|Mixed Platforms.ActiveCfg = Release|Any CPU
		{F16096B1-D5C9-4ED4-9886-B9F3A105AD4D}.Amazon|Mixed Platforms.Build.0 = Release|Any CPU
		{F16096B1-D5C9-4ED4-9886-B9F3A105AD4D}.Amazon|x86.ActiveCfg = Release|Any CPU
		{F16096B1-D5C9-4ED4-9886-B9F3A105AD4D}.Debug|Any CPU.ActiveCfg = Debug|Any CPU
		{F16096B1-D5C9-4ED4-9886-B9F3A105AD4D}.Debug|Any CPU.Build.0 = Debug|Any CPU
		{F16096B1-D5C9-4ED4-9886-B9F3A105AD4D}.Debug|Mixed Platforms.ActiveCfg = Debug|Any CPU
		{F16096B1-D5C9-4ED4-9886-B9F3A105AD4D}.Debug|Mixed Platforms.Build.0 = Debug|Any CPU
		{F16096B1-D5C9-4ED4-9886-B9F3A105AD4D}.Debug|x86.ActiveCfg = Debug|Any CPU
		{F16096B1-D5C9-4ED4-9886-B9F3A105AD4D}.FutureLive|Any CPU.ActiveCfg = Release|Any CPU
		{F16096B1-D5C9-4ED4-9886-B9F3A105AD4D}.FutureLive|Any CPU.Build.0 = Release|Any CPU
		{F16096B1-D5C9-4ED4-9886-B9F3A105AD4D}.FutureLive|Mixed Platforms.ActiveCfg = Release|Any CPU
		{F16096B1-D5C9-4ED4-9886-B9F3A105AD4D}.FutureLive|Mixed Platforms.Build.0 = Release|Any CPU
		{F16096B1-D5C9-4ED4-9886-B9F3A105AD4D}.FutureLive|x86.ActiveCfg = Release|Any CPU
		{F16096B1-D5C9-4ED4-9886-B9F3A105AD4D}.Release|Any CPU.ActiveCfg = Release|Any CPU
		{F16096B1-D5C9-4ED4-9886-B9F3A105AD4D}.Release|Any CPU.Build.0 = Release|Any CPU
		{F16096B1-D5C9-4ED4-9886-B9F3A105AD4D}.Release|Mixed Platforms.ActiveCfg = Release|Any CPU
		{F16096B1-D5C9-4ED4-9886-B9F3A105AD4D}.Release|Mixed Platforms.Build.0 = Release|Any CPU
		{F16096B1-D5C9-4ED4-9886-B9F3A105AD4D}.Release|x86.ActiveCfg = Release|Any CPU
		{55305CE3-0319-4193-8D65-91BFBCE4CAD5}.Amazon|Any CPU.ActiveCfg = Amazon|Any CPU
		{55305CE3-0319-4193-8D65-91BFBCE4CAD5}.Amazon|Any CPU.Build.0 = Amazon|Any CPU
		{55305CE3-0319-4193-8D65-91BFBCE4CAD5}.Amazon|Mixed Platforms.ActiveCfg = Amazon|Any CPU
		{55305CE3-0319-4193-8D65-91BFBCE4CAD5}.Amazon|Mixed Platforms.Build.0 = Amazon|Any CPU
		{55305CE3-0319-4193-8D65-91BFBCE4CAD5}.Amazon|x86.ActiveCfg = Amazon|Any CPU
		{55305CE3-0319-4193-8D65-91BFBCE4CAD5}.Debug|Any CPU.ActiveCfg = Debug|Any CPU
		{55305CE3-0319-4193-8D65-91BFBCE4CAD5}.Debug|Any CPU.Build.0 = Debug|Any CPU
		{55305CE3-0319-4193-8D65-91BFBCE4CAD5}.Debug|Mixed Platforms.ActiveCfg = Debug|Any CPU
		{55305CE3-0319-4193-8D65-91BFBCE4CAD5}.Debug|Mixed Platforms.Build.0 = Debug|Any CPU
		{55305CE3-0319-4193-8D65-91BFBCE4CAD5}.Debug|x86.ActiveCfg = Debug|Any CPU
		{55305CE3-0319-4193-8D65-91BFBCE4CAD5}.FutureLive|Any CPU.ActiveCfg = FutureLive|Any CPU
		{55305CE3-0319-4193-8D65-91BFBCE4CAD5}.FutureLive|Any CPU.Build.0 = FutureLive|Any CPU
		{55305CE3-0319-4193-8D65-91BFBCE4CAD5}.FutureLive|Mixed Platforms.ActiveCfg = FutureLive|Any CPU
		{55305CE3-0319-4193-8D65-91BFBCE4CAD5}.FutureLive|Mixed Platforms.Build.0 = FutureLive|Any CPU
		{55305CE3-0319-4193-8D65-91BFBCE4CAD5}.FutureLive|x86.ActiveCfg = FutureLive|Any CPU
		{55305CE3-0319-4193-8D65-91BFBCE4CAD5}.Release|Any CPU.ActiveCfg = Release|Any CPU
		{55305CE3-0319-4193-8D65-91BFBCE4CAD5}.Release|Any CPU.Build.0 = Release|Any CPU
		{55305CE3-0319-4193-8D65-91BFBCE4CAD5}.Release|Mixed Platforms.ActiveCfg = Release|Any CPU
		{55305CE3-0319-4193-8D65-91BFBCE4CAD5}.Release|Mixed Platforms.Build.0 = Release|Any CPU
		{55305CE3-0319-4193-8D65-91BFBCE4CAD5}.Release|x86.ActiveCfg = Release|Any CPU
		{EB6FDCBB-5152-42FE-AE3E-FF828B6C56CE}.Amazon|Any CPU.ActiveCfg = Release|Any CPU
		{EB6FDCBB-5152-42FE-AE3E-FF828B6C56CE}.Amazon|Any CPU.Build.0 = Release|Any CPU
		{EB6FDCBB-5152-42FE-AE3E-FF828B6C56CE}.Amazon|Mixed Platforms.ActiveCfg = Release|Any CPU
		{EB6FDCBB-5152-42FE-AE3E-FF828B6C56CE}.Amazon|Mixed Platforms.Build.0 = Release|Any CPU
		{EB6FDCBB-5152-42FE-AE3E-FF828B6C56CE}.Amazon|x86.ActiveCfg = Release|Any CPU
		{EB6FDCBB-5152-42FE-AE3E-FF828B6C56CE}.Debug|Any CPU.ActiveCfg = Debug|Any CPU
		{EB6FDCBB-5152-42FE-AE3E-FF828B6C56CE}.Debug|Any CPU.Build.0 = Debug|Any CPU
		{EB6FDCBB-5152-42FE-AE3E-FF828B6C56CE}.Debug|Mixed Platforms.ActiveCfg = Debug|Any CPU
		{EB6FDCBB-5152-42FE-AE3E-FF828B6C56CE}.Debug|Mixed Platforms.Build.0 = Debug|Any CPU
		{EB6FDCBB-5152-42FE-AE3E-FF828B6C56CE}.Debug|x86.ActiveCfg = Debug|Any CPU
		{EB6FDCBB-5152-42FE-AE3E-FF828B6C56CE}.FutureLive|Any CPU.ActiveCfg = Release|Any CPU
		{EB6FDCBB-5152-42FE-AE3E-FF828B6C56CE}.FutureLive|Any CPU.Build.0 = Release|Any CPU
		{EB6FDCBB-5152-42FE-AE3E-FF828B6C56CE}.FutureLive|Mixed Platforms.ActiveCfg = Release|Any CPU
		{EB6FDCBB-5152-42FE-AE3E-FF828B6C56CE}.FutureLive|Mixed Platforms.Build.0 = Release|Any CPU
		{EB6FDCBB-5152-42FE-AE3E-FF828B6C56CE}.FutureLive|x86.ActiveCfg = Release|Any CPU
		{EB6FDCBB-5152-42FE-AE3E-FF828B6C56CE}.Release|Any CPU.ActiveCfg = Release|Any CPU
		{EB6FDCBB-5152-42FE-AE3E-FF828B6C56CE}.Release|Any CPU.Build.0 = Release|Any CPU
		{EB6FDCBB-5152-42FE-AE3E-FF828B6C56CE}.Release|Mixed Platforms.ActiveCfg = Release|Any CPU
		{EB6FDCBB-5152-42FE-AE3E-FF828B6C56CE}.Release|Mixed Platforms.Build.0 = Release|Any CPU
		{EB6FDCBB-5152-42FE-AE3E-FF828B6C56CE}.Release|x86.ActiveCfg = Release|Any CPU
		{F6C898B0-C95D-4B21-B7DC-E89BC08D1475}.Amazon|Any CPU.ActiveCfg = Release|x86
		{F6C898B0-C95D-4B21-B7DC-E89BC08D1475}.Amazon|Mixed Platforms.ActiveCfg = Release|x86
		{F6C898B0-C95D-4B21-B7DC-E89BC08D1475}.Amazon|Mixed Platforms.Build.0 = Release|x86
		{F6C898B0-C95D-4B21-B7DC-E89BC08D1475}.Amazon|x86.ActiveCfg = Release|x86
		{F6C898B0-C95D-4B21-B7DC-E89BC08D1475}.Amazon|x86.Build.0 = Release|x86
		{F6C898B0-C95D-4B21-B7DC-E89BC08D1475}.Debug|Any CPU.ActiveCfg = Debug|x86
		{F6C898B0-C95D-4B21-B7DC-E89BC08D1475}.Debug|Mixed Platforms.ActiveCfg = Debug|x86
		{F6C898B0-C95D-4B21-B7DC-E89BC08D1475}.Debug|Mixed Platforms.Build.0 = Debug|x86
		{F6C898B0-C95D-4B21-B7DC-E89BC08D1475}.Debug|x86.ActiveCfg = Debug|x86
		{F6C898B0-C95D-4B21-B7DC-E89BC08D1475}.Debug|x86.Build.0 = Debug|x86
		{F6C898B0-C95D-4B21-B7DC-E89BC08D1475}.FutureLive|Any CPU.ActiveCfg = Release|x86
		{F6C898B0-C95D-4B21-B7DC-E89BC08D1475}.FutureLive|Mixed Platforms.ActiveCfg = Release|x86
		{F6C898B0-C95D-4B21-B7DC-E89BC08D1475}.FutureLive|Mixed Platforms.Build.0 = Release|x86
		{F6C898B0-C95D-4B21-B7DC-E89BC08D1475}.FutureLive|x86.ActiveCfg = Release|x86
		{F6C898B0-C95D-4B21-B7DC-E89BC08D1475}.FutureLive|x86.Build.0 = Release|x86
		{F6C898B0-C95D-4B21-B7DC-E89BC08D1475}.Release|Any CPU.ActiveCfg = Release|x86
		{F6C898B0-C95D-4B21-B7DC-E89BC08D1475}.Release|Mixed Platforms.ActiveCfg = Release|x86
		{F6C898B0-C95D-4B21-B7DC-E89BC08D1475}.Release|Mixed Platforms.Build.0 = Release|x86
		{F6C898B0-C95D-4B21-B7DC-E89BC08D1475}.Release|x86.ActiveCfg = Release|x86
		{F6C898B0-C95D-4B21-B7DC-E89BC08D1475}.Release|x86.Build.0 = Release|x86
		{B6FE3BA9-B950-45DC-9AB1-7140B6DB42B6}.Amazon|Any CPU.ActiveCfg = Release|Any CPU
		{B6FE3BA9-B950-45DC-9AB1-7140B6DB42B6}.Amazon|Any CPU.Build.0 = Release|Any CPU
		{B6FE3BA9-B950-45DC-9AB1-7140B6DB42B6}.Amazon|Mixed Platforms.ActiveCfg = Release|Any CPU
		{B6FE3BA9-B950-45DC-9AB1-7140B6DB42B6}.Amazon|Mixed Platforms.Build.0 = Release|Any CPU
		{B6FE3BA9-B950-45DC-9AB1-7140B6DB42B6}.Amazon|x86.ActiveCfg = Release|Any CPU
		{B6FE3BA9-B950-45DC-9AB1-7140B6DB42B6}.Debug|Any CPU.ActiveCfg = Debug|Any CPU
		{B6FE3BA9-B950-45DC-9AB1-7140B6DB42B6}.Debug|Any CPU.Build.0 = Debug|Any CPU
		{B6FE3BA9-B950-45DC-9AB1-7140B6DB42B6}.Debug|Mixed Platforms.ActiveCfg = Debug|Any CPU
		{B6FE3BA9-B950-45DC-9AB1-7140B6DB42B6}.Debug|Mixed Platforms.Build.0 = Debug|Any CPU
		{B6FE3BA9-B950-45DC-9AB1-7140B6DB42B6}.Debug|x86.ActiveCfg = Debug|Any CPU
		{B6FE3BA9-B950-45DC-9AB1-7140B6DB42B6}.FutureLive|Any CPU.ActiveCfg = Release|Any CPU
		{B6FE3BA9-B950-45DC-9AB1-7140B6DB42B6}.FutureLive|Any CPU.Build.0 = Release|Any CPU
		{B6FE3BA9-B950-45DC-9AB1-7140B6DB42B6}.FutureLive|Mixed Platforms.ActiveCfg = Release|Any CPU
		{B6FE3BA9-B950-45DC-9AB1-7140B6DB42B6}.FutureLive|Mixed Platforms.Build.0 = Release|Any CPU
		{B6FE3BA9-B950-45DC-9AB1-7140B6DB42B6}.FutureLive|x86.ActiveCfg = Release|Any CPU
		{B6FE3BA9-B950-45DC-9AB1-7140B6DB42B6}.Release|Any CPU.ActiveCfg = Release|Any CPU
		{B6FE3BA9-B950-45DC-9AB1-7140B6DB42B6}.Release|Any CPU.Build.0 = Release|Any CPU
		{B6FE3BA9-B950-45DC-9AB1-7140B6DB42B6}.Release|Mixed Platforms.ActiveCfg = Release|Any CPU
		{B6FE3BA9-B950-45DC-9AB1-7140B6DB42B6}.Release|Mixed Platforms.Build.0 = Release|Any CPU
		{B6FE3BA9-B950-45DC-9AB1-7140B6DB42B6}.Release|x86.ActiveCfg = Release|Any CPU
		{A4527597-40D4-4457-A46E-E879D2B82120}.Amazon|Any CPU.ActiveCfg = Release|x86
		{A4527597-40D4-4457-A46E-E879D2B82120}.Amazon|Mixed Platforms.ActiveCfg = Release|x86
		{A4527597-40D4-4457-A46E-E879D2B82120}.Amazon|Mixed Platforms.Build.0 = Release|x86
		{A4527597-40D4-4457-A46E-E879D2B82120}.Amazon|x86.ActiveCfg = Release|x86
		{A4527597-40D4-4457-A46E-E879D2B82120}.Amazon|x86.Build.0 = Release|x86
		{A4527597-40D4-4457-A46E-E879D2B82120}.Debug|Any CPU.ActiveCfg = Debug|x86
		{A4527597-40D4-4457-A46E-E879D2B82120}.Debug|Mixed Platforms.ActiveCfg = Debug|x86
		{A4527597-40D4-4457-A46E-E879D2B82120}.Debug|Mixed Platforms.Build.0 = Debug|x86
		{A4527597-40D4-4457-A46E-E879D2B82120}.Debug|x86.ActiveCfg = Debug|x86
		{A4527597-40D4-4457-A46E-E879D2B82120}.Debug|x86.Build.0 = Debug|x86
		{A4527597-40D4-4457-A46E-E879D2B82120}.FutureLive|Any CPU.ActiveCfg = Release|x86
		{A4527597-40D4-4457-A46E-E879D2B82120}.FutureLive|Mixed Platforms.ActiveCfg = Release|x86
		{A4527597-40D4-4457-A46E-E879D2B82120}.FutureLive|Mixed Platforms.Build.0 = Release|x86
		{A4527597-40D4-4457-A46E-E879D2B82120}.FutureLive|x86.ActiveCfg = Release|x86
		{A4527597-40D4-4457-A46E-E879D2B82120}.FutureLive|x86.Build.0 = Release|x86
		{A4527597-40D4-4457-A46E-E879D2B82120}.Release|Any CPU.ActiveCfg = Release|x86
		{A4527597-40D4-4457-A46E-E879D2B82120}.Release|Mixed Platforms.ActiveCfg = Release|x86
		{A4527597-40D4-4457-A46E-E879D2B82120}.Release|Mixed Platforms.Build.0 = Release|x86
		{A4527597-40D4-4457-A46E-E879D2B82120}.Release|x86.ActiveCfg = Release|x86
		{A4527597-40D4-4457-A46E-E879D2B82120}.Release|x86.Build.0 = Release|x86
	EndGlobalSection
	GlobalSection(SolutionProperties) = preSolution
		HideSolutionNode = FALSE
	EndGlobalSection
EndGlobal
